
Microsoft Visual Studio Solution File, Format Version 12.00
# Visual Studio 14
VisualStudioVersion = 14.0.25123.0
MinimumVisualStudioVersion = 14.0.22823.1
Project("{FAE04EC0-301F-11D3-BF4B-00C04F79EFBC}") = "Manticore.Desktop", "Manticore.Desktop\Manticore.Desktop.csproj", "{CE286A0F-968C-4437-85F7-C5B00DA5A5AA}"
EndProject
Project("{FAE04EC0-301F-11D3-BF4B-00C04F79EFBC}") = "Manticore.Desktop.Test", "Manticore.Desktop.Test\Manticore.Desktop.Test.csproj", "{1564D96B-F77E-4387-A90E-49DD0D7644EF}"
EndProject
Project("{2150E333-8FDC-42A3-9474-1A3956D46DE8}") = "UnitTests", "UnitTests", "{9002703F-9AA2-4A10-A5B8-2AB5939A3B22}"
EndProject
Project("{2150E333-8FDC-42A3-9474-1A3956D46DE8}") = "Libs", "Libs", "{32CE756F-2DEC-4956-A46D-F524126BC4A4}"
EndProject
Project("{2150E333-8FDC-42A3-9474-1A3956D46DE8}") = "External", "External", "{E409B02B-760F-4EF6-8019-BE77BBD6CAE3}"
EndProject
Project("{FAE04EC0-301F-11D3-BF4B-00C04F79EFBC}") = "Jint", "jint\Jint\Jint.csproj", "{678738DA-F723-4920-B9E5-CAD667104BDA}"
EndProject
Project("{FAE04EC0-301F-11D3-BF4B-00C04F79EFBC}") = "Manticore.Win81", "Manticore.Win81\Manticore.Win81.csproj", "{5DF32D76-E6FB-4022-87BF-845A72A09755}"
EndProject
Project("{FAE04EC0-301F-11D3-BF4B-00C04F79EFBC}") = "Manticore.WP81", "Manticore.WP81\Manticore.WP81.csproj", "{6942E051-BE83-49B0-86B0-7177A86C10EF}"
EndProject
Project("{FAE04EC0-301F-11D3-BF4B-00C04F79EFBC}") = "Manticore.Win81.Test", "Manticore.Win81.Test\Manticore.Win81.Test.csproj", "{F5A7FB9A-64E5-4CAC-9A83-9830FBD7FEA5}"
EndProject
Project("{FAE04EC0-301F-11D3-BF4B-00C04F79EFBC}") = "Manticore.WP81.Test", "Manticore.WP81.Test\Manticore.WP81.Test.csproj", "{715EC96C-B120-406D-B981-363360C3D3D4}"
EndProject
Project("{FAE04EC0-301F-11D3-BF4B-00C04F79EFBC}") = "Manticore.Net4", "Manticore.Net4\Manticore.Net4.csproj", "{66492B34-CA92-43A6-8A24-D93F22F752B5}"
EndProject
Project("{FAE04EC0-301F-11D3-BF4B-00C04F79EFBC}") = "Manticore.Net4.Test", "Manticore.Net4.Test\Manticore.Net4.Test.csproj", "{3613CB8B-A7B9-4799-935F-AE3EDA59CD68}"
EndProject
Global
	GlobalSection(SolutionConfigurationPlatforms) = preSolution
		Debug|Any CPU = Debug|Any CPU
		Debug|ARM = Debug|ARM
		Debug|Mixed Platforms = Debug|Mixed Platforms
		Debug|x64 = Debug|x64
		Debug|x86 = Debug|x86
		Release|Any CPU = Release|Any CPU
		Release|ARM = Release|ARM
		Release|Mixed Platforms = Release|Mixed Platforms
		Release|x64 = Release|x64
		Release|x86 = Release|x86
	EndGlobalSection
	GlobalSection(ProjectConfigurationPlatforms) = postSolution
		{CE286A0F-968C-4437-85F7-C5B00DA5A5AA}.Debug|Any CPU.ActiveCfg = Debug|Any CPU
		{CE286A0F-968C-4437-85F7-C5B00DA5A5AA}.Debug|Any CPU.Build.0 = Debug|Any CPU
		{CE286A0F-968C-4437-85F7-C5B00DA5A5AA}.Debug|ARM.ActiveCfg = Debug|Any CPU
		{CE286A0F-968C-4437-85F7-C5B00DA5A5AA}.Debug|Mixed Platforms.ActiveCfg = Debug|Any CPU
		{CE286A0F-968C-4437-85F7-C5B00DA5A5AA}.Debug|Mixed Platforms.Build.0 = Debug|Any CPU
		{CE286A0F-968C-4437-85F7-C5B00DA5A5AA}.Debug|x64.ActiveCfg = Debug|Any CPU
		{CE286A0F-968C-4437-85F7-C5B00DA5A5AA}.Debug|x86.ActiveCfg = Debug|Any CPU
		{CE286A0F-968C-4437-85F7-C5B00DA5A5AA}.Release|Any CPU.ActiveCfg = Release|Any CPU
		{CE286A0F-968C-4437-85F7-C5B00DA5A5AA}.Release|Any CPU.Build.0 = Release|Any CPU
		{CE286A0F-968C-4437-85F7-C5B00DA5A5AA}.Release|ARM.ActiveCfg = Release|Any CPU
		{CE286A0F-968C-4437-85F7-C5B00DA5A5AA}.Release|Mixed Platforms.ActiveCfg = Release|Any CPU
		{CE286A0F-968C-4437-85F7-C5B00DA5A5AA}.Release|Mixed Platforms.Build.0 = Release|Any CPU
		{CE286A0F-968C-4437-85F7-C5B00DA5A5AA}.Release|x64.ActiveCfg = Release|Any CPU
		{CE286A0F-968C-4437-85F7-C5B00DA5A5AA}.Release|x86.ActiveCfg = Release|Any CPU
		{1564D96B-F77E-4387-A90E-49DD0D7644EF}.Debug|Any CPU.ActiveCfg = Debug|Any CPU
		{1564D96B-F77E-4387-A90E-49DD0D7644EF}.Debug|Any CPU.Build.0 = Debug|Any CPU
		{1564D96B-F77E-4387-A90E-49DD0D7644EF}.Debug|ARM.ActiveCfg = Debug|Any CPU
		{1564D96B-F77E-4387-A90E-49DD0D7644EF}.Debug|Mixed Platforms.ActiveCfg = Debug|Any CPU
		{1564D96B-F77E-4387-A90E-49DD0D7644EF}.Debug|Mixed Platforms.Build.0 = Debug|Any CPU
		{1564D96B-F77E-4387-A90E-49DD0D7644EF}.Debug|x64.ActiveCfg = Debug|Any CPU
		{1564D96B-F77E-4387-A90E-49DD0D7644EF}.Debug|x86.ActiveCfg = Debug|Any CPU
		{1564D96B-F77E-4387-A90E-49DD0D7644EF}.Release|Any CPU.ActiveCfg = Release|Any CPU
		{1564D96B-F77E-4387-A90E-49DD0D7644EF}.Release|Any CPU.Build.0 = Release|Any CPU
		{1564D96B-F77E-4387-A90E-49DD0D7644EF}.Release|ARM.ActiveCfg = Release|Any CPU
		{1564D96B-F77E-4387-A90E-49DD0D7644EF}.Release|Mixed Platforms.ActiveCfg = Release|Any CPU
		{1564D96B-F77E-4387-A90E-49DD0D7644EF}.Release|Mixed Platforms.Build.0 = Release|Any CPU
		{1564D96B-F77E-4387-A90E-49DD0D7644EF}.Release|x64.ActiveCfg = Release|Any CPU
		{1564D96B-F77E-4387-A90E-49DD0D7644EF}.Release|x86.ActiveCfg = Release|Any CPU
		{678738DA-F723-4920-B9E5-CAD667104BDA}.Debug|Any CPU.ActiveCfg = Debug|Any CPU
		{678738DA-F723-4920-B9E5-CAD667104BDA}.Debug|Any CPU.Build.0 = Debug|Any CPU
		{678738DA-F723-4920-B9E5-CAD667104BDA}.Debug|ARM.ActiveCfg = Debug|Any CPU
		{678738DA-F723-4920-B9E5-CAD667104BDA}.Debug|Mixed Platforms.ActiveCfg = Debug|Any CPU
		{678738DA-F723-4920-B9E5-CAD667104BDA}.Debug|Mixed Platforms.Build.0 = Debug|Any CPU
		{678738DA-F723-4920-B9E5-CAD667104BDA}.Debug|x64.ActiveCfg = Debug|Any CPU
		{678738DA-F723-4920-B9E5-CAD667104BDA}.Debug|x86.ActiveCfg = Debug|Any CPU
		{678738DA-F723-4920-B9E5-CAD667104BDA}.Release|Any CPU.ActiveCfg = Release|Any CPU
		{678738DA-F723-4920-B9E5-CAD667104BDA}.Release|Any CPU.Build.0 = Release|Any CPU
		{678738DA-F723-4920-B9E5-CAD667104BDA}.Release|ARM.ActiveCfg = Release|Any CPU
		{678738DA-F723-4920-B9E5-CAD667104BDA}.Release|Mixed Platforms.ActiveCfg = Release|Any CPU
		{678738DA-F723-4920-B9E5-CAD667104BDA}.Release|Mixed Platforms.Build.0 = Release|Any CPU
		{678738DA-F723-4920-B9E5-CAD667104BDA}.Release|x64.ActiveCfg = Release|Any CPU
		{678738DA-F723-4920-B9E5-CAD667104BDA}.Release|x86.ActiveCfg = Release|Any CPU
		{5DF32D76-E6FB-4022-87BF-845A72A09755}.Debug|Any CPU.ActiveCfg = Debug|Any CPU
		{5DF32D76-E6FB-4022-87BF-845A72A09755}.Debug|Any CPU.Build.0 = Debug|Any CPU
		{5DF32D76-E6FB-4022-87BF-845A72A09755}.Debug|ARM.ActiveCfg = Debug|ARM
		{5DF32D76-E6FB-4022-87BF-845A72A09755}.Debug|ARM.Build.0 = Debug|ARM
		{5DF32D76-E6FB-4022-87BF-845A72A09755}.Debug|Mixed Platforms.ActiveCfg = Debug|x86
		{5DF32D76-E6FB-4022-87BF-845A72A09755}.Debug|Mixed Platforms.Build.0 = Debug|x86
		{5DF32D76-E6FB-4022-87BF-845A72A09755}.Debug|x64.ActiveCfg = Debug|x64
		{5DF32D76-E6FB-4022-87BF-845A72A09755}.Debug|x64.Build.0 = Debug|x64
		{5DF32D76-E6FB-4022-87BF-845A72A09755}.Debug|x86.ActiveCfg = Debug|x86
		{5DF32D76-E6FB-4022-87BF-845A72A09755}.Debug|x86.Build.0 = Debug|x86
		{5DF32D76-E6FB-4022-87BF-845A72A09755}.Release|Any CPU.ActiveCfg = Release|Any CPU
		{5DF32D76-E6FB-4022-87BF-845A72A09755}.Release|Any CPU.Build.0 = Release|Any CPU
		{5DF32D76-E6FB-4022-87BF-845A72A09755}.Release|ARM.ActiveCfg = Release|ARM
		{5DF32D76-E6FB-4022-87BF-845A72A09755}.Release|ARM.Build.0 = Release|ARM
		{5DF32D76-E6FB-4022-87BF-845A72A09755}.Release|Mixed Platforms.ActiveCfg = Release|x86
		{5DF32D76-E6FB-4022-87BF-845A72A09755}.Release|Mixed Platforms.Build.0 = Release|x86
		{5DF32D76-E6FB-4022-87BF-845A72A09755}.Release|x64.ActiveCfg = Release|x64
		{5DF32D76-E6FB-4022-87BF-845A72A09755}.Release|x64.Build.0 = Release|x64
		{5DF32D76-E6FB-4022-87BF-845A72A09755}.Release|x86.ActiveCfg = Release|x86
		{5DF32D76-E6FB-4022-87BF-845A72A09755}.Release|x86.Build.0 = Release|x86
		{6942E051-BE83-49B0-86B0-7177A86C10EF}.Debug|Any CPU.ActiveCfg = Debug|Any CPU
		{6942E051-BE83-49B0-86B0-7177A86C10EF}.Debug|Any CPU.Build.0 = Debug|Any CPU
		{6942E051-BE83-49B0-86B0-7177A86C10EF}.Debug|ARM.ActiveCfg = Debug|ARM
		{6942E051-BE83-49B0-86B0-7177A86C10EF}.Debug|ARM.Build.0 = Debug|ARM
		{6942E051-BE83-49B0-86B0-7177A86C10EF}.Debug|Mixed Platforms.ActiveCfg = Debug|x86
		{6942E051-BE83-49B0-86B0-7177A86C10EF}.Debug|Mixed Platforms.Build.0 = Debug|x86
		{6942E051-BE83-49B0-86B0-7177A86C10EF}.Debug|x64.ActiveCfg = Debug|Any CPU
		{6942E051-BE83-49B0-86B0-7177A86C10EF}.Debug|x86.ActiveCfg = Debug|x86
		{6942E051-BE83-49B0-86B0-7177A86C10EF}.Debug|x86.Build.0 = Debug|x86
		{6942E051-BE83-49B0-86B0-7177A86C10EF}.Release|Any CPU.ActiveCfg = Release|Any CPU
		{6942E051-BE83-49B0-86B0-7177A86C10EF}.Release|Any CPU.Build.0 = Release|Any CPU
		{6942E051-BE83-49B0-86B0-7177A86C10EF}.Release|ARM.ActiveCfg = Release|ARM
		{6942E051-BE83-49B0-86B0-7177A86C10EF}.Release|ARM.Build.0 = Release|ARM
		{6942E051-BE83-49B0-86B0-7177A86C10EF}.Release|Mixed Platforms.ActiveCfg = Release|x86
		{6942E051-BE83-49B0-86B0-7177A86C10EF}.Release|Mixed Platforms.Build.0 = Release|x86
		{6942E051-BE83-49B0-86B0-7177A86C10EF}.Release|x64.ActiveCfg = Release|Any CPU
		{6942E051-BE83-49B0-86B0-7177A86C10EF}.Release|x86.ActiveCfg = Release|x86
		{6942E051-BE83-49B0-86B0-7177A86C10EF}.Release|x86.Build.0 = Release|x86
		{F5A7FB9A-64E5-4CAC-9A83-9830FBD7FEA5}.Debug|Any CPU.ActiveCfg = Debug|Any CPU
		{F5A7FB9A-64E5-4CAC-9A83-9830FBD7FEA5}.Debug|Any CPU.Build.0 = Debug|Any CPU
		{F5A7FB9A-64E5-4CAC-9A83-9830FBD7FEA5}.Debug|Any CPU.Deploy.0 = Debug|Any CPU
		{F5A7FB9A-64E5-4CAC-9A83-9830FBD7FEA5}.Debug|ARM.ActiveCfg = Debug|ARM
		{F5A7FB9A-64E5-4CAC-9A83-9830FBD7FEA5}.Debug|ARM.Build.0 = Debug|ARM
		{F5A7FB9A-64E5-4CAC-9A83-9830FBD7FEA5}.Debug|ARM.Deploy.0 = Debug|ARM
		{F5A7FB9A-64E5-4CAC-9A83-9830FBD7FEA5}.Debug|Mixed Platforms.ActiveCfg = Debug|x86
		{F5A7FB9A-64E5-4CAC-9A83-9830FBD7FEA5}.Debug|Mixed Platforms.Build.0 = Debug|x86
		{F5A7FB9A-64E5-4CAC-9A83-9830FBD7FEA5}.Debug|Mixed Platforms.Deploy.0 = Debug|x86
		{F5A7FB9A-64E5-4CAC-9A83-9830FBD7FEA5}.Debug|x64.ActiveCfg = Debug|x64
		{F5A7FB9A-64E5-4CAC-9A83-9830FBD7FEA5}.Debug|x64.Build.0 = Debug|x64
		{F5A7FB9A-64E5-4CAC-9A83-9830FBD7FEA5}.Debug|x64.Deploy.0 = Debug|x64
		{F5A7FB9A-64E5-4CAC-9A83-9830FBD7FEA5}.Debug|x86.ActiveCfg = Debug|x86
		{F5A7FB9A-64E5-4CAC-9A83-9830FBD7FEA5}.Debug|x86.Build.0 = Debug|x86
		{F5A7FB9A-64E5-4CAC-9A83-9830FBD7FEA5}.Debug|x86.Deploy.0 = Debug|x86
		{F5A7FB9A-64E5-4CAC-9A83-9830FBD7FEA5}.Release|Any CPU.ActiveCfg = Release|Any CPU
		{F5A7FB9A-64E5-4CAC-9A83-9830FBD7FEA5}.Release|Any CPU.Build.0 = Release|Any CPU
		{F5A7FB9A-64E5-4CAC-9A83-9830FBD7FEA5}.Release|Any CPU.Deploy.0 = Release|Any CPU
		{F5A7FB9A-64E5-4CAC-9A83-9830FBD7FEA5}.Release|ARM.ActiveCfg = Release|ARM
		{F5A7FB9A-64E5-4CAC-9A83-9830FBD7FEA5}.Release|ARM.Build.0 = Release|ARM
		{F5A7FB9A-64E5-4CAC-9A83-9830FBD7FEA5}.Release|ARM.Deploy.0 = Release|ARM
		{F5A7FB9A-64E5-4CAC-9A83-9830FBD7FEA5}.Release|Mixed Platforms.ActiveCfg = Release|x86
		{F5A7FB9A-64E5-4CAC-9A83-9830FBD7FEA5}.Release|Mixed Platforms.Build.0 = Release|x86
		{F5A7FB9A-64E5-4CAC-9A83-9830FBD7FEA5}.Release|Mixed Platforms.Deploy.0 = Release|x86
		{F5A7FB9A-64E5-4CAC-9A83-9830FBD7FEA5}.Release|x64.ActiveCfg = Release|x64
		{F5A7FB9A-64E5-4CAC-9A83-9830FBD7FEA5}.Release|x64.Build.0 = Release|x64
		{F5A7FB9A-64E5-4CAC-9A83-9830FBD7FEA5}.Release|x64.Deploy.0 = Release|x64
		{F5A7FB9A-64E5-4CAC-9A83-9830FBD7FEA5}.Release|x86.ActiveCfg = Release|x86
		{F5A7FB9A-64E5-4CAC-9A83-9830FBD7FEA5}.Release|x86.Build.0 = Release|x86
		{F5A7FB9A-64E5-4CAC-9A83-9830FBD7FEA5}.Release|x86.Deploy.0 = Release|x86
		{715EC96C-B120-406D-B981-363360C3D3D4}.Debug|Any CPU.ActiveCfg = Debug|x86
		{715EC96C-B120-406D-B981-363360C3D3D4}.Debug|ARM.ActiveCfg = Debug|ARM
		{715EC96C-B120-406D-B981-363360C3D3D4}.Debug|ARM.Build.0 = Debug|ARM
		{715EC96C-B120-406D-B981-363360C3D3D4}.Debug|ARM.Deploy.0 = Debug|ARM
		{715EC96C-B120-406D-B981-363360C3D3D4}.Debug|Mixed Platforms.ActiveCfg = Debug|x86
		{715EC96C-B120-406D-B981-363360C3D3D4}.Debug|Mixed Platforms.Build.0 = Debug|x86
		{715EC96C-B120-406D-B981-363360C3D3D4}.Debug|Mixed Platforms.Deploy.0 = Debug|x86
		{715EC96C-B120-406D-B981-363360C3D3D4}.Debug|x64.ActiveCfg = Debug|x86
		{715EC96C-B120-406D-B981-363360C3D3D4}.Debug|x86.ActiveCfg = Debug|x86
		{715EC96C-B120-406D-B981-363360C3D3D4}.Debug|x86.Build.0 = Debug|x86
		{715EC96C-B120-406D-B981-363360C3D3D4}.Debug|x86.Deploy.0 = Debug|x86
		{715EC96C-B120-406D-B981-363360C3D3D4}.Release|Any CPU.ActiveCfg = Release|x86
		{715EC96C-B120-406D-B981-363360C3D3D4}.Release|ARM.ActiveCfg = Release|ARM
		{715EC96C-B120-406D-B981-363360C3D3D4}.Release|ARM.Build.0 = Release|ARM
		{715EC96C-B120-406D-B981-363360C3D3D4}.Release|ARM.Deploy.0 = Release|ARM
		{715EC96C-B120-406D-B981-363360C3D3D4}.Release|Mixed Platforms.ActiveCfg = Release|x86
		{715EC96C-B120-406D-B981-363360C3D3D4}.Release|Mixed Platforms.Build.0 = Release|x86
		{715EC96C-B120-406D-B981-363360C3D3D4}.Release|Mixed Platforms.Deploy.0 = Release|x86
		{715EC96C-B120-406D-B981-363360C3D3D4}.Release|x64.ActiveCfg = Release|x86
		{715EC96C-B120-406D-B981-363360C3D3D4}.Release|x86.ActiveCfg = Release|x86
		{715EC96C-B120-406D-B981-363360C3D3D4}.Release|x86.Build.0 = Release|x86
		{715EC96C-B120-406D-B981-363360C3D3D4}.Release|x86.Deploy.0 = Release|x86
		{66492B34-CA92-43A6-8A24-D93F22F752B5}.Debug|Any CPU.ActiveCfg = Debug|Any CPU
		{66492B34-CA92-43A6-8A24-D93F22F752B5}.Debug|Any CPU.Build.0 = Debug|Any CPU
		{66492B34-CA92-43A6-8A24-D93F22F752B5}.Debug|ARM.ActiveCfg = Debug|Any CPU
		{66492B34-CA92-43A6-8A24-D93F22F752B5}.Debug|Mixed Platforms.ActiveCfg = Debug|Any CPU
		{66492B34-CA92-43A6-8A24-D93F22F752B5}.Debug|Mixed Platforms.Build.0 = Debug|Any CPU
		{66492B34-CA92-43A6-8A24-D93F22F752B5}.Debug|x64.ActiveCfg = Debug|Any CPU
		{66492B34-CA92-43A6-8A24-D93F22F752B5}.Debug|x86.ActiveCfg = Debug|Any CPU
		{66492B34-CA92-43A6-8A24-D93F22F752B5}.Release|Any CPU.ActiveCfg = Release|Any CPU
		{66492B34-CA92-43A6-8A24-D93F22F752B5}.Release|Any CPU.Build.0 = Release|Any CPU
		{66492B34-CA92-43A6-8A24-D93F22F752B5}.Release|ARM.ActiveCfg = Release|Any CPU
		{66492B34-CA92-43A6-8A24-D93F22F752B5}.Release|Mixed Platforms.ActiveCfg = Release|Any CPU
		{66492B34-CA92-43A6-8A24-D93F22F752B5}.Release|Mixed Platforms.Build.0 = Release|Any CPU
		{66492B34-CA92-43A6-8A24-D93F22F752B5}.Release|x64.ActiveCfg = Release|Any CPU
		{66492B34-CA92-43A6-8A24-D93F22F752B5}.Release|x86.ActiveCfg = Release|Any CPU
		{3613CB8B-A7B9-4799-935F-AE3EDA59CD68}.Debug|Any CPU.ActiveCfg = Debug|Any CPU
		{3613CB8B-A7B9-4799-935F-AE3EDA59CD68}.Debug|Any CPU.Build.0 = Debug|Any CPU
		{3613CB8B-A7B9-4799-935F-AE3EDA59CD68}.Debug|ARM.ActiveCfg = Debug|Any CPU
		{3613CB8B-A7B9-4799-935F-AE3EDA59CD68}.Debug|Mixed Platforms.ActiveCfg = Debug|Any CPU
		{3613CB8B-A7B9-4799-935F-AE3EDA59CD68}.Debug|Mixed Platforms.Build.0 = Debug|Any CPU
		{3613CB8B-A7B9-4799-935F-AE3EDA59CD68}.Debug|x64.ActiveCfg = Debug|Any CPU
		{3613CB8B-A7B9-4799-935F-AE3EDA59CD68}.Debug|x86.ActiveCfg = Debug|Any CPU
		{3613CB8B-A7B9-4799-935F-AE3EDA59CD68}.Release|Any CPU.ActiveCfg = Release|Any CPU
		{3613CB8B-A7B9-4799-935F-AE3EDA59CD68}.Release|Any CPU.Build.0 = Release|Any CPU
		{3613CB8B-A7B9-4799-935F-AE3EDA59CD68}.Release|ARM.ActiveCfg = Release|Any CPU
		{3613CB8B-A7B9-4799-935F-AE3EDA59CD68}.Release|Mixed Platforms.ActiveCfg = Release|Any CPU
		{3613CB8B-A7B9-4799-935F-AE3EDA59CD68}.Release|Mixed Platforms.Build.0 = Release|Any CPU
		{3613CB8B-A7B9-4799-935F-AE3EDA59CD68}.Release|x64.ActiveCfg = Release|Any CPU
		{3613CB8B-A7B9-4799-935F-AE3EDA59CD68}.Release|x86.ActiveCfg = Release|Any CPU
	EndGlobalSection
	GlobalSection(SolutionProperties) = preSolution
		HideSolutionNode = FALSE
	EndGlobalSection
	GlobalSection(NestedProjects) = preSolution
		{CE286A0F-968C-4437-85F7-C5B00DA5A5AA} = {32CE756F-2DEC-4956-A46D-F524126BC4A4}
		{1564D96B-F77E-4387-A90E-49DD0D7644EF} = {9002703F-9AA2-4A10-A5B8-2AB5939A3B22}
		{678738DA-F723-4920-B9E5-CAD667104BDA} = {E409B02B-760F-4EF6-8019-BE77BBD6CAE3}
		{5DF32D76-E6FB-4022-87BF-845A72A09755} = {32CE756F-2DEC-4956-A46D-F524126BC4A4}
		{6942E051-BE83-49B0-86B0-7177A86C10EF} = {32CE756F-2DEC-4956-A46D-F524126BC4A4}
		{F5A7FB9A-64E5-4CAC-9A83-9830FBD7FEA5} = {9002703F-9AA2-4A10-A5B8-2AB5939A3B22}
		{715EC96C-B120-406D-B981-363360C3D3D4} = {9002703F-9AA2-4A10-A5B8-2AB5939A3B22}
		{66492B34-CA92-43A6-8A24-D93F22F752B5} = {32CE756F-2DEC-4956-A46D-F524126BC4A4}
		{3613CB8B-A7B9-4799-935F-AE3EDA59CD68} = {9002703F-9AA2-4A10-A5B8-2AB5939A3B22}
	EndGlobalSection
EndGlobal
